
Microsoft Visual Studio Solution File, Format Version 12.00
# Visual Studio Version 17
VisualStudioVersion = 17.6.33829.357
MinimumVisualStudioVersion = 10.0.40219.1
Project("{FAE04EC0-301F-11D3-BF4B-00C04F79EFBC}") = "ConsoleApp6", "ConsoleApp6\ConsoleApp6.csproj", "{9EAA1793-9983-45C9-801D-9E222966E8AB}"
EndProject
Global
	GlobalSection(SolutionConfigurationPlatforms) = preSolution
		Debug|Any CPU = Debug|Any CPU
		Release|Any CPU = Release|Any CPU
	EndGlobalSection
	GlobalSection(ProjectConfigurationPlatforms) = postSolution
		{9EAA1793-9983-45C9-801D-9E222966E8AB}.Debug|Any CPU.ActiveCfg = Debug|Any CPU
		{9EAA1793-9983-45C9-801D-9E222966E8AB}.Debug|Any CPU.Build.0 = Debug|Any CPU
		{9EAA1793-9983-45C9-801D-9E222966E8AB}.Release|Any CPU.ActiveCfg = Release|Any CPU
		{9EAA1793-9983-45C9-801D-9E222966E8AB}.Release|Any CPU.Build.0 = Release|Any CPU
	EndGlobalSection
	GlobalSection(SolutionProperties) = preSolution
		HideSolutionNode = FALSE
	EndGlobalSection
	GlobalSection(ExtensibilityGlobals) = postSolution
		SolutionGuid = {697DE5FA-9F33-45E0-942B-851C0FA97390}
	EndGlobalSection
EndGlobal
